<?xml version="1.0" encoding="UTF-8" standalone="yes" ?>
<CodeBlocks_project_file>
	<FileVersion major="1" minor="6" />
	<Project>
		<Option title="probandoAllegro" />
		<Option pch_mode="2" />
		<Option compiler="gcc" />
		<Build>
			<Target title="Debug">
				<Option output="bin/Debug/probandoAllegro" prefix_auto="1" extension_auto="1" />
				<Option object_output="obj/Debug/" />
				<Option type="1" />
				<Option compiler="gcc" />
				<Compiler>
					<Add option="-g" />
					<Add option="`pkg-config --cflags --libs allegro-5.0 allegro_primitives-5.0`" />
					<Add option="-DALLEGRO_STATICLINK" />
					<Add directory="../../../../../allegro-5.0.10-mingw-4.7.0/include" />
					<Add directory="../../../../../allegro-5.0.10-mingw-4.7.0/lib" />
				</Compiler>
				<Linker>
					<Add library="..\..\..\..\..\..\allegro-5.0.10-mingw-4.7.0\lib\liballegro-5.0.10-monolith-mt-debug.a" />
					<Add library="..\..\..\..\..\allegro-5.0.10-mingw-4.7.0\lib\liballegro_acodec-5.0.10-static-mt.a" />
					<Add library="..\..\..\..\..\allegro-5.0.10-mingw-4.7.0\lib\liballegro_audio-5.0.10-static-mt.a" />
					<Add library="..\..\..\..\..\allegro-5.0.10-mingw-4.7.0\lib\liballegro_color-5.0.10-static-mt.a" />
					<Add library="..\..\..\..\..\allegro-5.0.10-mingw-4.7.0\lib\liballegro_dialog-5.0.10-static-mt.a" />
					<Add library="..\..\..\..\..\allegro-5.0.10-mingw-4.7.0\lib\liballegro_font-5.0.10-static-mt.a" />
					<Add library="..\..\..\..\..\allegro-5.0.10-mingw-4.7.0\lib\liballegro_image-5.0.10-static-mt.a" />
					<Add library="..\..\..\..\..\allegro-5.0.10-mingw-4.7.0\lib\liballegro_memfile-5.0.10-static-mt.a" />
					<Add library="..\..\..\..\..\allegro-5.0.10-mingw-4.7.0\lib\liballegro_physfs-5.0.10-static-mt.a" />
					<Add library="..\..\..\..\..\allegro-5.0.10-mingw-4.7.0\lib\liballegro_primitives-5.0.10-static-mt.a" />
					<Add library="..\..\..\..\..\allegro-5.0.10-mingw-4.7.0\lib\liballegro_ttf-5.0.10-static-mt.a" />
					<Add library="..\..\..\..\..\allegro-5.0.10-mingw-4.7.0\lib\liballegro-5.0.10-monolith-static-mt.a" />
					<Add library="..\..\..\..\..\allegro-5.0.10-mingw-4.7.0\lib\liballegro-5.0.10-static-mt.a" />
					<Add library="..\..\..\..\..\allegro-5.0.10-mingw-4.7.0\lib\libdumb-0.9.3-static-mt.a" />
					<Add library="..\..\..\..\..\allegro-5.0.10-mingw-4.7.0\lib\libFLAC-1.2.1-static-mt.a" />
					<Add library="..\..\..\..\..\allegro-5.0.10-mingw-4.7.0\lib\libfreetype-2.4.8-static-mt.a" />
					<Add library="..\..\..\..\..\allegro-5.0.10-mingw-4.7.0\lib\libogg-1.2.1-static-mt.a" />
					<Add library="..\..\..\..\..\allegro-5.0.10-mingw-4.7.0\lib\libopenal-1.14-static-mt.a" />
					<Add library="..\..\..\..\..\allegro-5.0.10-mingw-4.7.0\lib\libvorbis-1.3.2-static-mt.a" />
					<Add library="..\..\..\..\..\allegro-5.0.10-mingw-4.7.0\lib\libvorbisfile-1.3.2-static-mt.a" />
					<Add library="..\..\..\..\..\allegro-5.0.10-mingw-4.7.0\lib\libzlib-1.2.5-static-mt.a" />
					<Add library="..\..\..\..\..\..\..\..\MinGW\lib\libgdiplus.a" />
					<Add library="libuuid.a" />
					<Add library="libkernel32.a" />
					<Add library="libwinmm.a" />
					<Add library="libpsapi.a" />
					<Add library="libopengl32.a" />
					<Add library="libglu32.a" />
					<Add library="libuser32.a" />
					<Add library="libcomdlg32.a" />
					<Add library="libgdi32.a" />
					<Add library="libshell32.a" />
					<Add library="libole32.a" />
					<Add library="libadvapi32.a" />
					<Add library="libws2_32.a" />
					<Add library="libshlwapi.a" />
					<Add library="..\..\..\..\..\allegro-5.0.10-mingw-4.7.0\lib\liballegro-5.0.10-static-mt-debug.a" />
					<Add library="..\..\..\..\..\allegro-5.0.10-mingw-4.7.0\lib\liballegro-5.0.10-monolith-static-mt-debug.a" />
					<Add library="..\..\..\..\..\allegro-5.0.10-mingw-4.7.0\lib\liballegro-5.0.10-monolith-mt-debug.a" />
					<Add library="..\..\..\..\..\allegro-5.0.10-mingw-4.7.0\lib\liballegro-5.0.10-monolith-mt-debug.a" />
				</Linker>
			</Target>
			<Target title="Release">
				<Option output="bin/Release/probandoAllegro" prefix_auto="1" extension_auto="1" />
				<Option object_output="obj/Release/" />
				<Option type="1" />
				<Option compiler="gcc" />
				<Compiler>
					<Add option="-O2" />
				</Compiler>
				<Linker>
					<Add option="-s" />
					<Add library="..\..\..\..\..\..\allegro-5.0.10-mingw-4.7.0\lib\liballegro-5.0.10-monolith-mt.a" />
				</Linker>
			</Target>
		</Build>
		<Compiler>
			<Add option="-Wall" />
			<Add directory="../../../allegro-5.0.10-mingw-4.7.0/include" />
		</Compiler>
		<Unit filename="Animation.cpp" />
		<Unit filename="Animation.h" />
		<Unit filename="FadeAnimation.cpp" />
		<Unit filename="FadeAnimation.h" />
		<Unit filename="GameScreen.cpp" />
		<Unit filename="GameScreen.h" />
		<Unit filename="InputManager.cpp" />
		<Unit filename="InputManager.h" />
		<Unit filename="ScreenManager.cpp" />
		<Unit filename="ScreenManager.h" />
		<Unit filename="SplashScreen.cpp" />
		<Unit filename="SplashScreen.h" />
		<Unit filename="TitleScreen.cpp" />
		<Unit filename="TitleScreen.h" />
		<Unit filename="main.cpp" />
		<Extensions>
			<code_completion />
			<envvars />
			<debugger />
			<lib_finder disable_auto="1" />
		</Extensions>
	</Project>
</CodeBlocks_project_file>
